// !$*UTF8*$!
{
	archiveVersion = 1;
	classes = {
	};
	objectVersion = 50;
	objects = {

/* Begin PBXBuildFile section */
		0DE77D0CBA609B0EA6B308D5 /* Pods_PhotoAppUITests.framework in Frameworks */ = {isa = PBXBuildFile; fileRef = 640166898EBDFBFDD2F69D02 /* Pods_PhotoAppUITests.framework */; };
		392D06EA391F2F31F7CF0E96 /* Pods_PhotoAppTests.framework in Frameworks */ = {isa = PBXBuildFile; fileRef = B94457329A446E2C32148D5D /* Pods_PhotoAppTests.framework */; };
		CDA997E86A71F9756328987A /* Pods_PhotoApp.framework in Frameworks */ = {isa = PBXBuildFile; fileRef = 9538551365551FCC157F825C /* Pods_PhotoApp.framework */; };
		D81EE22B222BE1EC0053E07A /* AlbumCollectionViewCell.swift in Sources */ = {isa = PBXBuildFile; fileRef = D81EE22A222BE1EC0053E07A /* AlbumCollectionViewCell.swift */; };
		D8B63A94222AB79400D54F2F /* AppDelegate.swift in Sources */ = {isa = PBXBuildFile; fileRef = D8B63A93222AB79400D54F2F /* AppDelegate.swift */; };
		D8B63A96222AB79400D54F2F /* PhotoAlbumViewController.swift in Sources */ = {isa = PBXBuildFile; fileRef = D8B63A95222AB79400D54F2F /* PhotoAlbumViewController.swift */; };
		D8B63A99222AB79400D54F2F /* Main.storyboard in Resources */ = {isa = PBXBuildFile; fileRef = D8B63A97222AB79400D54F2F /* Main.storyboard */; };
		D8B63A9C222AB79400D54F2F /* PhotoApp.xcdatamodeld in Sources */ = {isa = PBXBuildFile; fileRef = D8B63A9A222AB79400D54F2F /* PhotoApp.xcdatamodeld */; };
		D8B63A9E222AB79700D54F2F /* Assets.xcassets in Resources */ = {isa = PBXBuildFile; fileRef = D8B63A9D222AB79700D54F2F /* Assets.xcassets */; };
		D8B63AA1222AB79700D54F2F /* LaunchScreen.storyboard in Resources */ = {isa = PBXBuildFile; fileRef = D8B63A9F222AB79700D54F2F /* LaunchScreen.storyboard */; };
		D8B63AAC222AB79700D54F2F /* PhotoAppTests.swift in Sources */ = {isa = PBXBuildFile; fileRef = D8B63AAB222AB79700D54F2F /* PhotoAppTests.swift */; };
		D8B63AB7222AB79700D54F2F /* PhotoAppUITests.swift in Sources */ = {isa = PBXBuildFile; fileRef = D8B63AB6222AB79700D54F2F /* PhotoAppUITests.swift */; };
		D8B63AC5222ABE1500D54F2F /* ViewPhotoViewController.swift in Sources */ = {isa = PBXBuildFile; fileRef = D8B63AC4222ABE1500D54F2F /* ViewPhotoViewController.swift */; };
		D8B63AC7222ACDAF00D54F2F /* PhotoThumbnail.swift in Sources */ = {isa = PBXBuildFile; fileRef = D8B63AC6222ACDAF00D54F2F /* PhotoThumbnail.swift */; };
		D8B63ACA222AD0BA00D54F2F /* Photos.framework in Frameworks */ = {isa = PBXBuildFile; fileRef = D8B63AC9222AD0BA00D54F2F /* Photos.framework */; };
		D8B63ADF222BD29300D54F2F /* PHAsset.swift in Sources */ = {isa = PBXBuildFile; fileRef = D8B63ADC222BD29300D54F2F /* PHAsset.swift */; };
		D8B63AE0222BD29300D54F2F /* PHAssetCollection.swift in Sources */ = {isa = PBXBuildFile; fileRef = D8B63ADD222BD29300D54F2F /* PHAssetCollection.swift */; };
		D8B63AE1222BD29300D54F2F /* PHPhotoLibrary.swift in Sources */ = {isa = PBXBuildFile; fileRef = D8B63ADE222BD29300D54F2F /* PHPhotoLibrary.swift */; };
		D8B63AE4222BD81F00D54F2F /* AlbumsViewController.swift in Sources */ = {isa = PBXBuildFile; fileRef = D8B63AE3222BD81F00D54F2F /* AlbumsViewController.swift */; };
		D8B63AE9222BD93B00D54F2F /* UIView.swift in Sources */ = {isa = PBXBuildFile; fileRef = D8B63AE6222BD93B00D54F2F /* UIView.swift */; };
		D8B63AEA222BD93B00D54F2F /* UIStoryboard.swift in Sources */ = {isa = PBXBuildFile; fileRef = D8B63AE7222BD93B00D54F2F /* UIStoryboard.swift */; };
		D8B63AEB222BD93B00D54F2F /* UIViewController.swift in Sources */ = {isa = PBXBuildFile; fileRef = D8B63AE8222BD93B00D54F2F /* UIViewController.swift */; };
		D8B63AF4222BDE1B00D54F2F /* AlertMessage.swift in Sources */ = {isa = PBXBuildFile; fileRef = D8B63AF3222BDE1B00D54F2F /* AlertMessage.swift */; };
/* End PBXBuildFile section */

/* Begin PBXContainerItemProxy section */
		D8B63AA8222AB79700D54F2F /* PBXContainerItemProxy */ = {
			isa = PBXContainerItemProxy;
			containerPortal = D8B63A88222AB79400D54F2F /* Project object */;
			proxyType = 1;
			remoteGlobalIDString = D8B63A8F222AB79400D54F2F;
			remoteInfo = PhotoApp;
		};
		D8B63AB3222AB79700D54F2F /* PBXContainerItemProxy */ = {
			isa = PBXContainerItemProxy;
			containerPortal = D8B63A88222AB79400D54F2F /* Project object */;
			proxyType = 1;
			remoteGlobalIDString = D8B63A8F222AB79400D54F2F;
			remoteInfo = PhotoApp;
		};
/* End PBXContainerItemProxy section */

/* Begin PBXFileReference section */
		35BF3709EF7E0F5375BA5B72 /* Pods-PhotoApp.debug.xcconfig */ = {isa = PBXFileReference; includeInIndex = 1; lastKnownFileType = text.xcconfig; name = "Pods-PhotoApp.debug.xcconfig"; path = "Target Support Files/Pods-PhotoApp/Pods-PhotoApp.debug.xcconfig"; sourceTree = "<group>"; };
		36156879EAF650955E300126 /* Pods-PhotoAppTests.debug.xcconfig */ = {isa = PBXFileReference; includeInIndex = 1; lastKnownFileType = text.xcconfig; name = "Pods-PhotoAppTests.debug.xcconfig"; path = "Target Support Files/Pods-PhotoAppTests/Pods-PhotoAppTests.debug.xcconfig"; sourceTree = "<group>"; };
		3686D0BD6A4F5DC43BDBE82F /* Pods-PhotoApp.release.xcconfig */ = {isa = PBXFileReference; includeInIndex = 1; lastKnownFileType = text.xcconfig; name = "Pods-PhotoApp.release.xcconfig"; path = "Target Support Files/Pods-PhotoApp/Pods-PhotoApp.release.xcconfig"; sourceTree = "<group>"; };
		615E9687E3368C8C5D499F90 /* Pods-PhotoAppUITests.debug.xcconfig */ = {isa = PBXFileReference; includeInIndex = 1; lastKnownFileType = text.xcconfig; name = "Pods-PhotoAppUITests.debug.xcconfig"; path = "Target Support Files/Pods-PhotoAppUITests/Pods-PhotoAppUITests.debug.xcconfig"; sourceTree = "<group>"; };
		640166898EBDFBFDD2F69D02 /* Pods_PhotoAppUITests.framework */ = {isa = PBXFileReference; explicitFileType = wrapper.framework; includeInIndex = 0; path = Pods_PhotoAppUITests.framework; sourceTree = BUILT_PRODUCTS_DIR; };
		9538551365551FCC157F825C /* Pods_PhotoApp.framework */ = {isa = PBXFileReference; explicitFileType = wrapper.framework; includeInIndex = 0; path = Pods_PhotoApp.framework; sourceTree = BUILT_PRODUCTS_DIR; };
		9B498076364DBBF05A7BD52E /* Pods-PhotoAppUITests.release.xcconfig */ = {isa = PBXFileReference; includeInIndex = 1; lastKnownFileType = text.xcconfig; name = "Pods-PhotoAppUITests.release.xcconfig"; path = "Target Support Files/Pods-PhotoAppUITests/Pods-PhotoAppUITests.release.xcconfig"; sourceTree = "<group>"; };
		B94457329A446E2C32148D5D /* Pods_PhotoAppTests.framework */ = {isa = PBXFileReference; explicitFileType = wrapper.framework; includeInIndex = 0; path = Pods_PhotoAppTests.framework; sourceTree = BUILT_PRODUCTS_DIR; };
		C99CB0CDEFB140E7E58CACE7 /* Pods-PhotoAppTests.release.xcconfig */ = {isa = PBXFileReference; includeInIndex = 1; lastKnownFileType = text.xcconfig; name = "Pods-PhotoAppTests.release.xcconfig"; path = "Target Support Files/Pods-PhotoAppTests/Pods-PhotoAppTests.release.xcconfig"; sourceTree = "<group>"; };
		D81EE22A222BE1EC0053E07A /* AlbumCollectionViewCell.swift */ = {isa = PBXFileReference; lastKnownFileType = sourcecode.swift; path = AlbumCollectionViewCell.swift; sourceTree = "<group>"; };
		D8B63A90222AB79400D54F2F /* PhotoApp.app */ = {isa = PBXFileReference; explicitFileType = wrapper.application; includeInIndex = 0; path = PhotoApp.app; sourceTree = BUILT_PRODUCTS_DIR; };
		D8B63A93222AB79400D54F2F /* AppDelegate.swift */ = {isa = PBXFileReference; lastKnownFileType = sourcecode.swift; path = AppDelegate.swift; sourceTree = "<group>"; };
		D8B63A95222AB79400D54F2F /* PhotoAlbumViewController.swift */ = {isa = PBXFileReference; lastKnownFileType = sourcecode.swift; path = PhotoAlbumViewController.swift; sourceTree = "<group>"; };
		D8B63A98222AB79400D54F2F /* Base */ = {isa = PBXFileReference; lastKnownFileType = file.storyboard; name = Base; path = Base.lproj/Main.storyboard; sourceTree = "<group>"; };
		D8B63A9B222AB79400D54F2F /* PhotoApp.xcdatamodel */ = {isa = PBXFileReference; lastKnownFileType = wrapper.xcdatamodel; path = PhotoApp.xcdatamodel; sourceTree = "<group>"; };
		D8B63A9D222AB79700D54F2F /* Assets.xcassets */ = {isa = PBXFileReference; lastKnownFileType = folder.assetcatalog; path = Assets.xcassets; sourceTree = "<group>"; };
		D8B63AA0222AB79700D54F2F /* Base */ = {isa = PBXFileReference; lastKnownFileType = file.storyboard; name = Base; path = Base.lproj/LaunchScreen.storyboard; sourceTree = "<group>"; };
		D8B63AA2222AB79700D54F2F /* Info.plist */ = {isa = PBXFileReference; lastKnownFileType = text.plist.xml; path = Info.plist; sourceTree = "<group>"; };
		D8B63AA7222AB79700D54F2F /* PhotoAppTests.xctest */ = {isa = PBXFileReference; explicitFileType = wrapper.cfbundle; includeInIndex = 0; path = PhotoAppTests.xctest; sourceTree = BUILT_PRODUCTS_DIR; };
		D8B63AAB222AB79700D54F2F /* PhotoAppTests.swift */ = {isa = PBXFileReference; lastKnownFileType = sourcecode.swift; path = PhotoAppTests.swift; sourceTree = "<group>"; };
		D8B63AAD222AB79700D54F2F /* Info.plist */ = {isa = PBXFileReference; lastKnownFileType = text.plist.xml; path = Info.plist; sourceTree = "<group>"; };
		D8B63AB2222AB79700D54F2F /* PhotoAppUITests.xctest */ = {isa = PBXFileReference; explicitFileType = wrapper.cfbundle; includeInIndex = 0; path = PhotoAppUITests.xctest; sourceTree = BUILT_PRODUCTS_DIR; };
		D8B63AB6222AB79700D54F2F /* PhotoAppUITests.swift */ = {isa = PBXFileReference; lastKnownFileType = sourcecode.swift; path = PhotoAppUITests.swift; sourceTree = "<group>"; };
		D8B63AB8222AB79700D54F2F /* Info.plist */ = {isa = PBXFileReference; lastKnownFileType = text.plist.xml; path = Info.plist; sourceTree = "<group>"; };
		D8B63AC4222ABE1500D54F2F /* ViewPhotoViewController.swift */ = {isa = PBXFileReference; lastKnownFileType = sourcecode.swift; path = ViewPhotoViewController.swift; sourceTree = "<group>"; };
		D8B63AC6222ACDAF00D54F2F /* PhotoThumbnail.swift */ = {isa = PBXFileReference; lastKnownFileType = sourcecode.swift; path = PhotoThumbnail.swift; sourceTree = "<group>"; };
		D8B63AC9222AD0BA00D54F2F /* Photos.framework */ = {isa = PBXFileReference; lastKnownFileType = wrapper.framework; name = Photos.framework; path = System/Library/Frameworks/Photos.framework; sourceTree = SDKROOT; };
		D8B63ACC222AD47900D54F2F /* Utilities.swift */ = {isa = PBXFileReference; lastKnownFileType = sourcecode.swift; path = Utilities.swift; sourceTree = "<group>"; };
		D8B63ACD222AD47900D54F2F /* Session.swift */ = {isa = PBXFileReference; lastKnownFileType = sourcecode.swift; path = Session.swift; sourceTree = "<group>"; };
		D8B63AD0222AD47900D54F2F /* MySessionManager.swift */ = {isa = PBXFileReference; lastKnownFileType = sourcecode.swift; path = MySessionManager.swift; sourceTree = "<group>"; };
		D8B63ADC222BD29300D54F2F /* PHAsset.swift */ = {isa = PBXFileReference; fileEncoding = 4; lastKnownFileType = sourcecode.swift; path = PHAsset.swift; sourceTree = "<group>"; };
		D8B63ADD222BD29300D54F2F /* PHAssetCollection.swift */ = {isa = PBXFileReference; fileEncoding = 4; lastKnownFileType = sourcecode.swift; path = PHAssetCollection.swift; sourceTree = "<group>"; };
		D8B63ADE222BD29300D54F2F /* PHPhotoLibrary.swift */ = {isa = PBXFileReference; fileEncoding = 4; lastKnownFileType = sourcecode.swift; path = PHPhotoLibrary.swift; sourceTree = "<group>"; };
		D8B63AE3222BD81F00D54F2F /* AlbumsViewController.swift */ = {isa = PBXFileReference; lastKnownFileType = sourcecode.swift; path = AlbumsViewController.swift; sourceTree = "<group>"; };
		D8B63AE6222BD93B00D54F2F /* UIView.swift */ = {isa = PBXFileReference; fileEncoding = 4; lastKnownFileType = sourcecode.swift; path = UIView.swift; sourceTree = "<group>"; };
		D8B63AE7222BD93B00D54F2F /* UIStoryboard.swift */ = {isa = PBXFileReference; fileEncoding = 4; lastKnownFileType = sourcecode.swift; path = UIStoryboard.swift; sourceTree = "<group>"; };
		D8B63AE8222BD93B00D54F2F /* UIViewController.swift */ = {isa = PBXFileReference; fileEncoding = 4; lastKnownFileType = sourcecode.swift; path = UIViewController.swift; sourceTree = "<group>"; };
		D8B63AF0222BDA4500D54F2F /* PhoteoCollectionViewCell.xib */ = {isa = PBXFileReference; lastKnownFileType = file.xib; path = PhoteoCollectionViewCell.xib; sourceTree = "<group>"; };
		D8B63AF1222BDA4500D54F2F /* PhoteoCollectionViewCell.swift */ = {isa = PBXFileReference; lastKnownFileType = sourcecode.swift; path = PhoteoCollectionViewCell.swift; sourceTree = "<group>"; };
		D8B63AF2222BDA4500D54F2F /* AlbumCollectionViewCell.xib */ = {isa = PBXFileReference; lastKnownFileType = file.xib; path = AlbumCollectionViewCell.xib; sourceTree = "<group>"; };
		D8B63AF3222BDE1B00D54F2F /* AlertMessage.swift */ = {isa = PBXFileReference; lastKnownFileType = sourcecode.swift; path = AlertMessage.swift; sourceTree = "<group>"; };
/* End PBXFileReference section */

/* Begin PBXFrameworksBuildPhase section */
		D8B63A8D222AB79400D54F2F /* Frameworks */ = {
			isa = PBXFrameworksBuildPhase;
			buildActionMask = 2147483647;
			files = (
				D8B63ACA222AD0BA00D54F2F /* Photos.framework in Frameworks */,
				CDA997E86A71F9756328987A /* Pods_PhotoApp.framework in Frameworks */,
			);
			runOnlyForDeploymentPostprocessing = 0;
		};
		D8B63AA4222AB79700D54F2F /* Frameworks */ = {
			isa = PBXFrameworksBuildPhase;
			buildActionMask = 2147483647;
			files = (
				392D06EA391F2F31F7CF0E96 /* Pods_PhotoAppTests.framework in Frameworks */,
			);
			runOnlyForDeploymentPostprocessing = 0;
		};
		D8B63AAF222AB79700D54F2F /* Frameworks */ = {
			isa = PBXFrameworksBuildPhase;
			buildActionMask = 2147483647;
			files = (
				0DE77D0CBA609B0EA6B308D5 /* Pods_PhotoAppUITests.framework in Frameworks */,
			);
			runOnlyForDeploymentPostprocessing = 0;
		};
/* End PBXFrameworksBuildPhase section */

/* Begin PBXGroup section */
		0C4395734E63732AFE81A490 /* Pods */ = {
			isa = PBXGroup;
			children = (
				35BF3709EF7E0F5375BA5B72 /* Pods-PhotoApp.debug.xcconfig */,
				3686D0BD6A4F5DC43BDBE82F /* Pods-PhotoApp.release.xcconfig */,
				36156879EAF650955E300126 /* Pods-PhotoAppTests.debug.xcconfig */,
				C99CB0CDEFB140E7E58CACE7 /* Pods-PhotoAppTests.release.xcconfig */,
				615E9687E3368C8C5D499F90 /* Pods-PhotoAppUITests.debug.xcconfig */,
				9B498076364DBBF05A7BD52E /* Pods-PhotoAppUITests.release.xcconfig */,
			);
			path = Pods;
			sourceTree = "<group>";
		};
		D8B63A87222AB79400D54F2F = {
			isa = PBXGroup;
			children = (
				D8B63A92222AB79400D54F2F /* PhotoApp */,
				D8B63AAA222AB79700D54F2F /* PhotoAppTests */,
				D8B63AB5222AB79700D54F2F /* PhotoAppUITests */,
				D8B63A91222AB79400D54F2F /* Products */,
				D8B63AC8222AD0B900D54F2F /* Frameworks */,
				0C4395734E63732AFE81A490 /* Pods */,
			);
			sourceTree = "<group>";
		};
		D8B63A91222AB79400D54F2F /* Products */ = {
			isa = PBXGroup;
			children = (
				D8B63A90222AB79400D54F2F /* PhotoApp.app */,
				D8B63AA7222AB79700D54F2F /* PhotoAppTests.xctest */,
				D8B63AB2222AB79700D54F2F /* PhotoAppUITests.xctest */,
			);
			name = Products;
			sourceTree = "<group>";
		};
		D8B63A92222AB79400D54F2F /* PhotoApp */ = {
			isa = PBXGroup;
			children = (
				D8B63AE2222BD5E100D54F2F /* AppDelegate */,
				D8B63ADA222BD26D00D54F2F /* Extensions */,
				D8B63ACB222AD47900D54F2F /* Helpers */,
				D8B63ACF222AD47900D54F2F /* Proxy */,
				D8B63AD4222AD53B00D54F2F /* Models */,
				D8B63AD2222AD4A800D54F2F /* Views */,
				D8B63AD1222AD48900D54F2F /* Controllers */,
				D8B63A97222AB79400D54F2F /* Main.storyboard */,
				D8B63A9A222AB79400D54F2F /* PhotoApp.xcdatamodeld */,
				D8B63A9D222AB79700D54F2F /* Assets.xcassets */,
				D8B63A9F222AB79700D54F2F /* LaunchScreen.storyboard */,
				D8B63AA2222AB79700D54F2F /* Info.plist */,
			);
			path = PhotoApp;
			sourceTree = "<group>";
		};
		D8B63AAA222AB79700D54F2F /* PhotoAppTests */ = {
			isa = PBXGroup;
			children = (
				D8B63AAB222AB79700D54F2F /* PhotoAppTests.swift */,
				D8B63AAD222AB79700D54F2F /* Info.plist */,
			);
			path = PhotoAppTests;
			sourceTree = "<group>";
		};
		D8B63AB5222AB79700D54F2F /* PhotoAppUITests */ = {
			isa = PBXGroup;
			children = (
				D8B63AB6222AB79700D54F2F /* PhotoAppUITests.swift */,
				D8B63AB8222AB79700D54F2F /* Info.plist */,
			);
			path = PhotoAppUITests;
			sourceTree = "<group>";
		};
		D8B63AC8222AD0B900D54F2F /* Frameworks */ = {
			isa = PBXGroup;
			children = (
				D8B63AC9222AD0BA00D54F2F /* Photos.framework */,
				9538551365551FCC157F825C /* Pods_PhotoApp.framework */,
				B94457329A446E2C32148D5D /* Pods_PhotoAppTests.framework */,
				640166898EBDFBFDD2F69D02 /* Pods_PhotoAppUITests.framework */,
			);
			name = Frameworks;
			sourceTree = "<group>";
		};
		D8B63ACB222AD47900D54F2F /* Helpers */ = {
			isa = PBXGroup;
			children = (
				D8B63ACC222AD47900D54F2F /* Utilities.swift */,
				D8B63ACD222AD47900D54F2F /* Session.swift */,
			);
			path = Helpers;
			sourceTree = "<group>";
		};
		D8B63ACF222AD47900D54F2F /* Proxy */ = {
			isa = PBXGroup;
			children = (
				D8B63AD0222AD47900D54F2F /* MySessionManager.swift */,
			);
			path = Proxy;
			sourceTree = "<group>";
		};
		D8B63AD1222AD48900D54F2F /* Controllers */ = {
			isa = PBXGroup;
			children = (
				D8B63AE3222BD81F00D54F2F /* AlbumsViewController.swift */,
				D8B63A95222AB79400D54F2F /* PhotoAlbumViewController.swift */,
				D8B63AC4222ABE1500D54F2F /* ViewPhotoViewController.swift */,
			);
			path = Controllers;
			sourceTree = "<group>";
		};
		D8B63AD2222AD4A800D54F2F /* Views */ = {
			isa = PBXGroup;
			children = (
				D8B63AED222BDA4500D54F2F /* CollectionView */,
			);
			path = Views;
			sourceTree = "<group>";
		};
		D8B63AD4222AD53B00D54F2F /* Models */ = {
			isa = PBXGroup;
			children = (
				D8B63AF3222BDE1B00D54F2F /* AlertMessage.swift */,
			);
			path = Models;
			sourceTree = "<group>";
		};
		D8B63ADA222BD26D00D54F2F /* Extensions */ = {
			isa = PBXGroup;
			children = (
				D8B63AE5222BD93100D54F2F /* UI */,
				D8B63ADB222BD28400D54F2F /* Photo */,
			);
			path = Extensions;
			sourceTree = "<group>";
		};
		D8B63ADB222BD28400D54F2F /* Photo */ = {
			isa = PBXGroup;
			children = (
				D8B63ADC222BD29300D54F2F /* PHAsset.swift */,
				D8B63ADD222BD29300D54F2F /* PHAssetCollection.swift */,
				D8B63ADE222BD29300D54F2F /* PHPhotoLibrary.swift */,
			);
			path = Photo;
			sourceTree = "<group>";
		};
		D8B63AE2222BD5E100D54F2F /* AppDelegate */ = {
			isa = PBXGroup;
			children = (
				D8B63A93222AB79400D54F2F /* AppDelegate.swift */,
			);
			path = AppDelegate;
			sourceTree = "<group>";
		};
		D8B63AE5222BD93100D54F2F /* UI */ = {
			isa = PBXGroup;
			children = (
				D8B63AE7222BD93B00D54F2F /* UIStoryboard.swift */,
				D8B63AE6222BD93B00D54F2F /* UIView.swift */,
				D8B63AE8222BD93B00D54F2F /* UIViewController.swift */,
			);
			path = UI;
			sourceTree = "<group>";
		};
		D8B63AED222BDA4500D54F2F /* CollectionView */ = {
			isa = PBXGroup;
			children = (
				D8B63AEE222BDA4500D54F2F /* Cells */,
			);
			path = CollectionView;
			sourceTree = "<group>";
		};
		D8B63AEE222BDA4500D54F2F /* Cells */ = {
			isa = PBXGroup;
			children = (
				D8B63AC6222ACDAF00D54F2F /* PhotoThumbnail.swift */,
				D8B63AF0222BDA4500D54F2F /* PhoteoCollectionViewCell.xib */,
				D8B63AF1222BDA4500D54F2F /* PhoteoCollectionViewCell.swift */,
				D8B63AF2222BDA4500D54F2F /* AlbumCollectionViewCell.xib */,
				D81EE22A222BE1EC0053E07A /* AlbumCollectionViewCell.swift */,
			);
			path = Cells;
			sourceTree = "<group>";
		};
/* End PBXGroup section */

/* Begin PBXNativeTarget section */
		D8B63A8F222AB79400D54F2F /* PhotoApp */ = {
			isa = PBXNativeTarget;
			buildConfigurationList = D8B63ABB222AB79700D54F2F /* Build configuration list for PBXNativeTarget "PhotoApp" */;
			buildPhases = (
				374707D0DA30AF8A4A000769 /* [CP] Check Pods Manifest.lock */,
				D8B63A8C222AB79400D54F2F /* Sources */,
				D8B63A8D222AB79400D54F2F /* Frameworks */,
				D8B63A8E222AB79400D54F2F /* Resources */,
				4AE598ABAEE4C165F33995AD /* [CP] Embed Pods Frameworks */,
			);
			buildRules = (
			);
			dependencies = (
			);
			name = PhotoApp;
			productName = PhotoApp;
			productReference = D8B63A90222AB79400D54F2F /* PhotoApp.app */;
			productType = "com.apple.product-type.application";
		};
		D8B63AA6222AB79700D54F2F /* PhotoAppTests */ = {
			isa = PBXNativeTarget;
			buildConfigurationList = D8B63ABE222AB79700D54F2F /* Build configuration list for PBXNativeTarget "PhotoAppTests" */;
			buildPhases = (
				B885251712097E482B283928 /* [CP] Check Pods Manifest.lock */,
				D8B63AA3222AB79700D54F2F /* Sources */,
				D8B63AA4222AB79700D54F2F /* Frameworks */,
				D8B63AA5222AB79700D54F2F /* Resources */,
			);
			buildRules = (
			);
			dependencies = (
				D8B63AA9222AB79700D54F2F /* PBXTargetDependency */,
			);
			name = PhotoAppTests;
			productName = PhotoAppTests;
			productReference = D8B63AA7222AB79700D54F2F /* PhotoAppTests.xctest */;
			productType = "com.apple.product-type.bundle.unit-test";
		};
		D8B63AB1222AB79700D54F2F /* PhotoAppUITests */ = {
			isa = PBXNativeTarget;
			buildConfigurationList = D8B63AC1222AB79700D54F2F /* Build configuration list for PBXNativeTarget "PhotoAppUITests" */;
			buildPhases = (
				CFDDBDCFADFC11D4C8A6EEF4 /* [CP] Check Pods Manifest.lock */,
				D8B63AAE222AB79700D54F2F /* Sources */,
				D8B63AAF222AB79700D54F2F /* Frameworks */,
				D8B63AB0222AB79700D54F2F /* Resources */,
			);
			buildRules = (
			);
			dependencies = (
				D8B63AB4222AB79700D54F2F /* PBXTargetDependency */,
			);
			name = PhotoAppUITests;
			productName = PhotoAppUITests;
			productReference = D8B63AB2222AB79700D54F2F /* PhotoAppUITests.xctest */;
			productType = "com.apple.product-type.bundle.ui-testing";
		};
/* End PBXNativeTarget section */

/* Begin PBXProject section */
		D8B63A88222AB79400D54F2F /* Project object */ = {
			isa = PBXProject;
			attributes = {
				LastSwiftUpdateCheck = 1010;
				LastUpgradeCheck = 1010;
				ORGANIZATIONNAME = "Alaattin Bedir";
				TargetAttributes = {
					D8B63A8F222AB79400D54F2F = {
						CreatedOnToolsVersion = 10.1;
					};
					D8B63AA6222AB79700D54F2F = {
						CreatedOnToolsVersion = 10.1;
						TestTargetID = D8B63A8F222AB79400D54F2F;
					};
					D8B63AB1222AB79700D54F2F = {
						CreatedOnToolsVersion = 10.1;
						TestTargetID = D8B63A8F222AB79400D54F2F;
					};
				};
			};
			buildConfigurationList = D8B63A8B222AB79400D54F2F /* Build configuration list for PBXProject "PhotoApp" */;
			compatibilityVersion = "Xcode 9.3";
			developmentRegion = en;
			hasScannedForEncodings = 0;
			knownRegions = (
				en,
				Base,
			);
			mainGroup = D8B63A87222AB79400D54F2F;
			productRefGroup = D8B63A91222AB79400D54F2F /* Products */;
			projectDirPath = "";
			projectRoot = "";
			targets = (
				D8B63A8F222AB79400D54F2F /* PhotoApp */,
				D8B63AA6222AB79700D54F2F /* PhotoAppTests */,
				D8B63AB1222AB79700D54F2F /* PhotoAppUITests */,
			);
		};
/* End PBXProject section */

/* Begin PBXResourcesBuildPhase section */
		D8B63A8E222AB79400D54F2F /* Resources */ = {
			isa = PBXResourcesBuildPhase;
			buildActionMask = 2147483647;
			files = (
				D8B63AA1222AB79700D54F2F /* LaunchScreen.storyboard in Resources */,
				D8B63A9E222AB79700D54F2F /* Assets.xcassets in Resources */,
				D8B63A99222AB79400D54F2F /* Main.storyboard in Resources */,
			);
			runOnlyForDeploymentPostprocessing = 0;
		};
		D8B63AA5222AB79700D54F2F /* Resources */ = {
			isa = PBXResourcesBuildPhase;
			buildActionMask = 2147483647;
			files = (
			);
			runOnlyForDeploymentPostprocessing = 0;
		};
		D8B63AB0222AB79700D54F2F /* Resources */ = {
			isa = PBXResourcesBuildPhase;
			buildActionMask = 2147483647;
			files = (
			);
			runOnlyForDeploymentPostprocessing = 0;
		};
/* End PBXResourcesBuildPhase section */

/* Begin PBXShellScriptBuildPhase section */
		374707D0DA30AF8A4A000769 /* [CP] Check Pods Manifest.lock */ = {
			isa = PBXShellScriptBuildPhase;
			buildActionMask = 2147483647;
			files = (
			);
			inputFileListPaths = (
			);
			inputPaths = (
				"${PODS_PODFILE_DIR_PATH}/Podfile.lock",
				"${PODS_ROOT}/Manifest.lock",
			);
			name = "[CP] Check Pods Manifest.lock";
			outputFileListPaths = (
			);
			outputPaths = (
				"$(DERIVED_FILE_DIR)/Pods-PhotoApp-checkManifestLockResult.txt",
			);
			runOnlyForDeploymentPostprocessing = 0;
			shellPath = /bin/sh;
			shellScript = "diff \"${PODS_PODFILE_DIR_PATH}/Podfile.lock\" \"${PODS_ROOT}/Manifest.lock\" > /dev/null\nif [ $? != 0 ] ; then\n    # print error to STDERR\n    echo \"error: The sandbox is not in sync with the Podfile.lock. Run 'pod install' or update your CocoaPods installation.\" >&2\n    exit 1\nfi\n# This output is used by Xcode 'outputs' to avoid re-running this script phase.\necho \"SUCCESS\" > \"${SCRIPT_OUTPUT_FILE_0}\"\n";
			showEnvVarsInLog = 0;
		};
		4AE598ABAEE4C165F33995AD /* [CP] Embed Pods Frameworks */ = {
			isa = PBXShellScriptBuildPhase;
			buildActionMask = 2147483647;
			files = (
			);
			inputFileListPaths = (
			);
			inputPaths = (
				"${PODS_ROOT}/Target Support Files/Pods-PhotoApp/Pods-PhotoApp-frameworks.sh",
				"${BUILT_PRODUCTS_DIR}/Alamofire/Alamofire.framework",
				"${BUILT_PRODUCTS_DIR}/ObjectMapper/ObjectMapper.framework",
				"${BUILT_PRODUCTS_DIR}/SVProgressHUD/SVProgressHUD.framework",
				"${BUILT_PRODUCTS_DIR}/SnapKit/SnapKit.framework",
				"${BUILT_PRODUCTS_DIR}/SwiftyJSON/SwiftyJSON.framework",
			);
			name = "[CP] Embed Pods Frameworks";
			outputFileListPaths = (
			);
			outputPaths = (
				"${TARGET_BUILD_DIR}/${FRAMEWORKS_FOLDER_PATH}/Alamofire.framework",
				"${TARGET_BUILD_DIR}/${FRAMEWORKS_FOLDER_PATH}/ObjectMapper.framework",
				"${TARGET_BUILD_DIR}/${FRAMEWORKS_FOLDER_PATH}/SVProgressHUD.framework",
				"${TARGET_BUILD_DIR}/${FRAMEWORKS_FOLDER_PATH}/SnapKit.framework",
				"${TARGET_BUILD_DIR}/${FRAMEWORKS_FOLDER_PATH}/SwiftyJSON.framework",
			);
			runOnlyForDeploymentPostprocessing = 0;
			shellPath = /bin/sh;
			shellScript = "\"${PODS_ROOT}/Target Support Files/Pods-PhotoApp/Pods-PhotoApp-frameworks.sh\"\n";
			showEnvVarsInLog = 0;
		};
		B885251712097E482B283928 /* [CP] Check Pods Manifest.lock */ = {
			isa = PBXShellScriptBuildPhase;
			buildActionMask = 2147483647;
			files = (
			);
			inputFileListPaths = (
			);
			inputPaths = (
				"${PODS_PODFILE_DIR_PATH}/Podfile.lock",
				"${PODS_ROOT}/Manifest.lock",
			);
			name = "[CP] Check Pods Manifest.lock";
			outputFileListPaths = (
			);
			outputPaths = (
				"$(DERIVED_FILE_DIR)/Pods-PhotoAppTests-checkManifestLockResult.txt",
			);
			runOnlyForDeploymentPostprocessing = 0;
			shellPath = /bin/sh;
			shellScript = "diff \"${PODS_PODFILE_DIR_PATH}/Podfile.lock\" \"${PODS_ROOT}/Manifest.lock\" > /dev/null\nif [ $? != 0 ] ; then\n    # print error to STDERR\n    echo \"error: The sandbox is not in sync with the Podfile.lock. Run 'pod install' or update your CocoaPods installation.\" >&2\n    exit 1\nfi\n# This output is used by Xcode 'outputs' to avoid re-running this script phase.\necho \"SUCCESS\" > \"${SCRIPT_OUTPUT_FILE_0}\"\n";
			showEnvVarsInLog = 0;
		};
		CFDDBDCFADFC11D4C8A6EEF4 /* [CP] Check Pods Manifest.lock */ = {
			isa = PBXShellScriptBuildPhase;
			buildActionMask = 2147483647;
			files = (
			);
			inputFileListPaths = (
			);
			inputPaths = (
				"${PODS_PODFILE_DIR_PATH}/Podfile.lock",
				"${PODS_ROOT}/Manifest.lock",
			);
			name = "[CP] Check Pods Manifest.lock";
			outputFileListPaths = (
			);
			outputPaths = (
				"$(DERIVED_FILE_DIR)/Pods-PhotoAppUITests-checkManifestLockResult.txt",
			);
			runOnlyForDeploymentPostprocessing = 0;
			shellPath = /bin/sh;
			shellScript = "diff \"${PODS_PODFILE_DIR_PATH}/Podfile.lock\" \"${PODS_ROOT}/Manifest.lock\" > /dev/null\nif [ $? != 0 ] ; then\n    # print error to STDERR\n    echo \"error: The sandbox is not in sync with the Podfile.lock. Run 'pod install' or update your CocoaPods installation.\" >&2\n    exit 1\nfi\n# This output is used by Xcode 'outputs' to avoid re-running this script phase.\necho \"SUCCESS\" > \"${SCRIPT_OUTPUT_FILE_0}\"\n";
			showEnvVarsInLog = 0;
		};
/* End PBXShellScriptBuildPhase section */

/* Begin PBXSourcesBuildPhase section */
		D8B63A8C222AB79400D54F2F /* Sources */ = {
			isa = PBXSourcesBuildPhase;
			buildActionMask = 2147483647;
			files = (
				D8B63AEA222BD93B00D54F2F /* UIStoryboard.swift in Sources */,
				D8B63AE9222BD93B00D54F2F /* UIView.swift in Sources */,
				D8B63AEB222BD93B00D54F2F /* UIViewController.swift in Sources */,
				D8B63ADF222BD29300D54F2F /* PHAsset.swift in Sources */,
				D8B63AC7222ACDAF00D54F2F /* PhotoThumbnail.swift in Sources */,
				D8B63AE4222BD81F00D54F2F /* AlbumsViewController.swift in Sources */,
				D8B63AC5222ABE1500D54F2F /* ViewPhotoViewController.swift in Sources */,
				D8B63A96222AB79400D54F2F /* PhotoAlbumViewController.swift in Sources */,
				D8B63AE0222BD29300D54F2F /* PHAssetCollection.swift in Sources */,
				D81EE22B222BE1EC0053E07A /* AlbumCollectionViewCell.swift in Sources */,
				D8B63A94222AB79400D54F2F /* AppDelegate.swift in Sources */,
				D8B63AF4222BDE1B00D54F2F /* AlertMessage.swift in Sources */,
				D8B63AE1222BD29300D54F2F /* PHPhotoLibrary.swift in Sources */,
				D8B63A9C222AB79400D54F2F /* PhotoApp.xcdatamodeld in Sources */,
			);
			runOnlyForDeploymentPostprocessing = 0;
		};
		D8B63AA3222AB79700D54F2F /* Sources */ = {
			isa = PBXSourcesBuildPhase;
			buildActionMask = 2147483647;
			files = (
				D8B63AAC222AB79700D54F2F /* PhotoAppTests.swift in Sources */,
			);
			runOnlyForDeploymentPostprocessing = 0;
		};
		D8B63AAE222AB79700D54F2F /* Sources */ = {
			isa = PBXSourcesBuildPhase;
			buildActionMask = 2147483647;
			files = (
				D8B63AB7222AB79700D54F2F /* PhotoAppUITests.swift in Sources */,
			);
			runOnlyForDeploymentPostprocessing = 0;
		};
/* End PBXSourcesBuildPhase section */

/* Begin PBXTargetDependency section */
		D8B63AA9222AB79700D54F2F /* PBXTargetDependency */ = {
			isa = PBXTargetDependency;
			target = D8B63A8F222AB79400D54F2F /* PhotoApp */;
			targetProxy = D8B63AA8222AB79700D54F2F /* PBXContainerItemProxy */;
		};
		D8B63AB4222AB79700D54F2F /* PBXTargetDependency */ = {
			isa = PBXTargetDependency;
			target = D8B63A8F222AB79400D54F2F /* PhotoApp */;
			targetProxy = D8B63AB3222AB79700D54F2F /* PBXContainerItemProxy */;
		};
/* End PBXTargetDependency section */

/* Begin PBXVariantGroup section */
		D8B63A97222AB79400D54F2F /* Main.storyboard */ = {
			isa = PBXVariantGroup;
			children = (
				D8B63A98222AB79400D54F2F /* Base */,
			);
			name = Main.storyboard;
			sourceTree = "<group>";
		};
		D8B63A9F222AB79700D54F2F /* LaunchScreen.storyboard */ = {
			isa = PBXVariantGroup;
			children = (
				D8B63AA0222AB79700D54F2F /* Base */,
			);
			name = LaunchScreen.storyboard;
			sourceTree = "<group>";
		};
/* End PBXVariantGroup section */

/* Begin XCBuildConfiguration section */
		D8B63AB9222AB79700D54F2F /* Debug */ = {
			isa = XCBuildConfiguration;
			buildSettings = {
				ALWAYS_SEARCH_USER_PATHS = NO;
				CLANG_ANALYZER_NONNULL = YES;
				CLANG_ANALYZER_NUMBER_OBJECT_CONVERSION = YES_AGGRESSIVE;
				CLANG_CXX_LANGUAGE_STANDARD = "gnu++14";
				CLANG_CXX_LIBRARY = "libc++";
				CLANG_ENABLE_MODULES = YES;
				CLANG_ENABLE_OBJC_ARC = YES;
				CLANG_ENABLE_OBJC_WEAK = YES;
				CLANG_WARN_BLOCK_CAPTURE_AUTORELEASING = YES;
				CLANG_WARN_BOOL_CONVERSION = YES;
				CLANG_WARN_COMMA = YES;
				CLANG_WARN_CONSTANT_CONVERSION = YES;
				CLANG_WARN_DEPRECATED_OBJC_IMPLEMENTATIONS = YES;
				CLANG_WARN_DIRECT_OBJC_ISA_USAGE = YES_ERROR;
				CLANG_WARN_DOCUMENTATION_COMMENTS = YES;
				CLANG_WARN_EMPTY_BODY = YES;
				CLANG_WARN_ENUM_CONVERSION = YES;
				CLANG_WARN_INFINITE_RECURSION = YES;
				CLANG_WARN_INT_CONVERSION = YES;
				CLANG_WARN_NON_LITERAL_NULL_CONVERSION = YES;
				CLANG_WARN_OBJC_IMPLICIT_RETAIN_SELF = YES;
				CLANG_WARN_OBJC_LITERAL_CONVERSION = YES;
				CLANG_WARN_OBJC_ROOT_CLASS = YES_ERROR;
				CLANG_WARN_RANGE_LOOP_ANALYSIS = YES;
				CLANG_WARN_STRICT_PROTOTYPES = YES;
				CLANG_WARN_SUSPICIOUS_MOVE = YES;
				CLANG_WARN_UNGUARDED_AVAILABILITY = YES_AGGRESSIVE;
				CLANG_WARN_UNREACHABLE_CODE = YES;
				CLANG_WARN__DUPLICATE_METHOD_MATCH = YES;
				CODE_SIGN_IDENTITY = "iPhone Developer";
				COPY_PHASE_STRIP = NO;
				DEBUG_INFORMATION_FORMAT = dwarf;
				ENABLE_STRICT_OBJC_MSGSEND = YES;
				ENABLE_TESTABILITY = YES;
				GCC_C_LANGUAGE_STANDARD = gnu11;
				GCC_DYNAMIC_NO_PIC = NO;
				GCC_NO_COMMON_BLOCKS = YES;
				GCC_OPTIMIZATION_LEVEL = 0;
				GCC_PREPROCESSOR_DEFINITIONS = (
					"DEBUG=1",
					"$(inherited)",
				);
				GCC_WARN_64_TO_32_BIT_CONVERSION = YES;
				GCC_WARN_ABOUT_RETURN_TYPE = YES_ERROR;
				GCC_WARN_UNDECLARED_SELECTOR = YES;
				GCC_WARN_UNINITIALIZED_AUTOS = YES_AGGRESSIVE;
				GCC_WARN_UNUSED_FUNCTION = YES;
				GCC_WARN_UNUSED_VARIABLE = YES;
				IPHONEOS_DEPLOYMENT_TARGET = 12.1;
				MTL_ENABLE_DEBUG_INFO = INCLUDE_SOURCE;
				MTL_FAST_MATH = YES;
				ONLY_ACTIVE_ARCH = YES;
				SDKROOT = iphoneos;
				SWIFT_ACTIVE_COMPILATION_CONDITIONS = DEBUG;
				SWIFT_OPTIMIZATION_LEVEL = "-Onone";
			};
			name = Debug;
		};
		D8B63ABA222AB79700D54F2F /* Release */ = {
			isa = XCBuildConfiguration;
			buildSettings = {
				ALWAYS_SEARCH_USER_PATHS = NO;
				CLANG_ANALYZER_NONNULL = YES;
				CLANG_ANALYZER_NUMBER_OBJECT_CONVERSION = YES_AGGRESSIVE;
				CLANG_CXX_LANGUAGE_STANDARD = "gnu++14";
				CLANG_CXX_LIBRARY = "libc++";
				CLANG_ENABLE_MODULES = YES;
				CLANG_ENABLE_OBJC_ARC = YES;
				CLANG_ENABLE_OBJC_WEAK = YES;
				CLANG_WARN_BLOCK_CAPTURE_AUTORELEASING = YES;
				CLANG_WARN_BOOL_CONVERSION = YES;
				CLANG_WARN_COMMA = YES;
				CLANG_WARN_CONSTANT_CONVERSION = YES;
				CLANG_WARN_DEPRECATED_OBJC_IMPLEMENTATIONS = YES;
				CLANG_WARN_DIRECT_OBJC_ISA_USAGE = YES_ERROR;
				CLANG_WARN_DOCUMENTATION_COMMENTS = YES;
				CLANG_WARN_EMPTY_BODY = YES;
				CLANG_WARN_ENUM_CONVERSION = YES;
				CLANG_WARN_INFINITE_RECURSION = YES;
				CLANG_WARN_INT_CONVERSION = YES;
				CLANG_WARN_NON_LITERAL_NULL_CONVERSION = YES;
				CLANG_WARN_OBJC_IMPLICIT_RETAIN_SELF = YES;
				CLANG_WARN_OBJC_LITERAL_CONVERSION = YES;
				CLANG_WARN_OBJC_ROOT_CLASS = YES_ERROR;
				CLANG_WARN_RANGE_LOOP_ANALYSIS = YES;
				CLANG_WARN_STRICT_PROTOTYPES = YES;
				CLANG_WARN_SUSPICIOUS_MOVE = YES;
				CLANG_WARN_UNGUARDED_AVAILABILITY = YES_AGGRESSIVE;
				CLANG_WARN_UNREACHABLE_CODE = YES;
				CLANG_WARN__DUPLICATE_METHOD_MATCH = YES;
				CODE_SIGN_IDENTITY = "iPhone Developer";
				COPY_PHASE_STRIP = NO;
				DEBUG_INFORMATION_FORMAT = "dwarf-with-dsym";
				ENABLE_NS_ASSERTIONS = NO;
				ENABLE_STRICT_OBJC_MSGSEND = YES;
				GCC_C_LANGUAGE_STANDARD = gnu11;
				GCC_NO_COMMON_BLOCKS = YES;
				GCC_WARN_64_TO_32_BIT_CONVERSION = YES;
				GCC_WARN_ABOUT_RETURN_TYPE = YES_ERROR;
				GCC_WARN_UNDECLARED_SELECTOR = YES;
				GCC_WARN_UNINITIALIZED_AUTOS = YES_AGGRESSIVE;
				GCC_WARN_UNUSED_FUNCTION = YES;
				GCC_WARN_UNUSED_VARIABLE = YES;
				IPHONEOS_DEPLOYMENT_TARGET = 12.1;
				MTL_ENABLE_DEBUG_INFO = NO;
				MTL_FAST_MATH = YES;
				SDKROOT = iphoneos;
				SWIFT_COMPILATION_MODE = wholemodule;
				SWIFT_OPTIMIZATION_LEVEL = "-O";
				VALIDATE_PRODUCT = YES;
			};
			name = Release;
		};
		D8B63ABC222AB79700D54F2F /* Debug */ = {
			isa = XCBuildConfiguration;
			baseConfigurationReference = 35BF3709EF7E0F5375BA5B72 /* Pods-PhotoApp.debug.xcconfig */;
			buildSettings = {
				ASSETCATALOG_COMPILER_APPICON_NAME = AppIcon;
				CODE_SIGN_STYLE = Automatic;
				DEVELOPMENT_TEAM = KHRD8446CX;
				INFOPLIST_FILE = PhotoApp/Info.plist;
				LD_RUNPATH_SEARCH_PATHS = (
					"$(inherited)",
					"@executable_path/Frameworks",
				);
				PRODUCT_BUNDLE_IDENTIFIER = com.alaattinbedir.PhotoApp;
				PRODUCT_NAME = "$(TARGET_NAME)";
				SWIFT_VERSION = 4.2;
				TARGETED_DEVICE_FAMILY = "1,2";
			};
			name = Debug;
		};
		D8B63ABD222AB79700D54F2F /* Release */ = {
			isa = XCBuildConfiguration;
			baseConfigurationReference = 3686D0BD6A4F5DC43BDBE82F /* Pods-PhotoApp.release.xcconfig */;
			buildSettings = {
				ASSETCATALOG_COMPILER_APPICON_NAME = AppIcon;
				CODE_SIGN_STYLE = Automatic;
				DEVELOPMENT_TEAM = KHRD8446CX;
				INFOPLIST_FILE = PhotoApp/Info.plist;
				LD_RUNPATH_SEARCH_PATHS = (
					"$(inherited)",
					"@executable_path/Frameworks",
				);
				PRODUCT_BUNDLE_IDENTIFIER = com.alaattinbedir.PhotoApp;
				PRODUCT_NAME = "$(TARGET_NAME)";
				SWIFT_VERSION = 4.2;
				TARGETED_DEVICE_FAMILY = "1,2";
			};
			name = Release;
		};
		D8B63ABF222AB79700D54F2F /* Debug */ = {
			isa = XCBuildConfiguration;
			baseConfigurationReference = 36156879EAF650955E300126 /* Pods-PhotoAppTests.debug.xcconfig */;
			buildSettings = {
				ALWAYS_EMBED_SWIFT_STANDARD_LIBRARIES = YES;
				BUNDLE_LOADER = "$(TEST_HOST)";
				CODE_SIGN_STYLE = Automatic;
				INFOPLIST_FILE = PhotoAppTests/Info.plist;
				LD_RUNPATH_SEARCH_PATHS = (
					"$(inherited)",
					"@executable_path/Frameworks",
					"@loader_path/Frameworks",
				);
				PRODUCT_BUNDLE_IDENTIFIER = com.alaattinbedir.PhotoAppTests;
				PRODUCT_NAME = "$(TARGET_NAME)";
				SWIFT_VERSION = 4.2;
				TARGETED_DEVICE_FAMILY = "1,2";
				TEST_HOST = "$(BUILT_PRODUCTS_DIR)/PhotoApp.app/PhotoApp";
			};
			name = Debug;
		};
		D8B63AC0222AB79700D54F2F /* Release */ = {
			isa = XCBuildConfiguration;
			baseConfigurationReference = C99CB0CDEFB140E7E58CACE7 /* Pods-PhotoAppTests.release.xcconfig */;
			buildSettings = {
				ALWAYS_EMBED_SWIFT_STANDARD_LIBRARIES = YES;
				BUNDLE_LOADER = "$(TEST_HOST)";
				CODE_SIGN_STYLE = Automatic;
				INFOPLIST_FILE = PhotoAppTests/Info.plist;
				LD_RUNPATH_SEARCH_PATHS = (
					"$(inherited)",
					"@executable_path/Frameworks",
					"@loader_path/Frameworks",
				);
				PRODUCT_BUNDLE_IDENTIFIER = com.alaattinbedir.PhotoAppTests;
				PRODUCT_NAME = "$(TARGET_NAME)";
				SWIFT_VERSION = 4.2;
				TARGETED_DEVICE_FAMILY = "1,2";
				TEST_HOST = "$(BUILT_PRODUCTS_DIR)/PhotoApp.app/PhotoApp";
			};
			name = Release;
		};
		D8B63AC2222AB79700D54F2F /* Debug */ = {
			isa = XCBuildConfiguration;
			baseConfigurationReference = 615E9687E3368C8C5D499F90 /* Pods-PhotoAppUITests.debug.xcconfig */;
			buildSettings = {
				ALWAYS_EMBED_SWIFT_STANDARD_LIBRARIES = YES;
				CODE_SIGN_STYLE = Automatic;
				INFOPLIST_FILE = PhotoAppUITests/Info.plist;
				LD_RUNPATH_SEARCH_PATHS = (
					"$(inherited)",
					"@executable_path/Frameworks",
					"@loader_path/Frameworks",
				);
				PRODUCT_BUNDLE_IDENTIFIER = com.alaattinbedir.PhotoAppUITests;
				PRODUCT_NAME = "$(TARGET_NAME)";
				SWIFT_VERSION = 4.2;
				TARGETED_DEVICE_FAMILY = "1,2";
				TEST_TARGET_NAME = PhotoApp;
			};
			name = Debug;
		};
		D8B63AC3222AB79700D54F2F /* Release */ = {
			isa = XCBuildConfiguration;
			baseConfigurationReference = 9B498076364DBBF05A7BD52E /* Pods-PhotoAppUITests.release.xcconfig */;
			buildSettings = {
				ALWAYS_EMBED_SWIFT_STANDARD_LIBRARIES = YES;
				CODE_SIGN_STYLE = Automatic;
				INFOPLIST_FILE = PhotoAppUITests/Info.plist;
				LD_RUNPATH_SEARCH_PATHS = (
					"$(inherited)",
					"@executable_path/Frameworks",
					"@loader_path/Frameworks",
				);
				PRODUCT_BUNDLE_IDENTIFIER = com.alaattinbedir.PhotoAppUITests;
				PRODUCT_NAME = "$(TARGET_NAME)";
				SWIFT_VERSION = 4.2;
				TARGETED_DEVICE_FAMILY = "1,2";
				TEST_TARGET_NAME = PhotoApp;
			};
			name = Release;
		};
/* End XCBuildConfiguration section */

/* Begin XCConfigurationList section */
		D8B63A8B222AB79400D54F2F /* Build configuration list for PBXProject "PhotoApp" */ = {
			isa = XCConfigurationList;
			buildConfigurations = (
				D8B63AB9222AB79700D54F2F /* Debug */,
				D8B63ABA222AB79700D54F2F /* Release */,
			);
			defaultConfigurationIsVisible = 0;
			defaultConfigurationName = Release;
		};
		D8B63ABB222AB79700D54F2F /* Build configuration list for PBXNativeTarget "PhotoApp" */ = {
			isa = XCConfigurationList;
			buildConfigurations = (
				D8B63ABC222AB79700D54F2F /* Debug */,
				D8B63ABD222AB79700D54F2F /* Release */,
			);
			defaultConfigurationIsVisible = 0;
			defaultConfigurationName = Release;
		};
		D8B63ABE222AB79700D54F2F /* Build configuration list for PBXNativeTarget "PhotoAppTests" */ = {
			isa = XCConfigurationList;
			buildConfigurations = (
				D8B63ABF222AB79700D54F2F /* Debug */,
				D8B63AC0222AB79700D54F2F /* Release */,
			);
			defaultConfigurationIsVisible = 0;
			defaultConfigurationName = Release;
		};
		D8B63AC1222AB79700D54F2F /* Build configuration list for PBXNativeTarget "PhotoAppUITests" */ = {
			isa = XCConfigurationList;
			buildConfigurations = (
				D8B63AC2222AB79700D54F2F /* Debug */,
				D8B63AC3222AB79700D54F2F /* Release */,
			);
			defaultConfigurationIsVisible = 0;
			defaultConfigurationName = Release;
		};
/* End XCConfigurationList section */

/* Begin XCVersionGroup section */
		D8B63A9A222AB79400D54F2F /* PhotoApp.xcdatamodeld */ = {
			isa = XCVersionGroup;
			children = (
				D8B63A9B222AB79400D54F2F /* PhotoApp.xcdatamodel */,
			);
			currentVersion = D8B63A9B222AB79400D54F2F /* PhotoApp.xcdatamodel */;
			path = PhotoApp.xcdatamodeld;
			sourceTree = "<group>";
			versionGroupType = wrapper.xcdatamodel;
		};
/* End XCVersionGroup section */
	};
	rootObject = D8B63A88222AB79400D54F2F /* Project object */;
}
